{
    "_meta": {
        "hash": {
            "sha256": "cc67b8e6d1e241640ebedfb5867efebeaad306ce5341de28738f251afdfd3d67"
        },
        "pipfile-spec": 6,
        "requires": {
            "python_version": "3.10"
        },
        "sources": [
            {
                "name": "pypi",
                "url": "https://pypi.org/simple",
                "verify_ssl": true
            }
        ]
    },
    "default": {
        "alabaster": {
            "hashes": [
                "sha256:446438bdcca0e05bd45ea2de1668c1d9b032e1a9154c2c259092d77031ddd359",
                "sha256:a661d72d58e6ea8a57f7a86e37d86716863ee5e92788398526d58b26a4e4dc02"
            ],
            "version": "==0.7.12"
        },
        "babel": {
            "hashes": [
                "sha256:ab49e12b91d937cd11f0b67cb259a57ab4ad2b59ac7a3b41d6c06c0ac5b0def9",
                "sha256:bc0c176f9f6a994582230df350aa6e05ba2ebe4b3ac317eab29d9be5d2768da0"
            ],
            "markers": "python_version >= '2.7' and python_version not in '3.0, 3.1, 3.2, 3.3'",
            "version": "==2.9.1"
        },
        "certifi": {
            "hashes": [
                "sha256:1a4995114262bffbc2413b159f2a1a480c969de6e6eb13ee966d470af86af59c",
                "sha256:719a74fb9e33b9bd44cc7f3a8d94bc35e4049deebe19ba7d8e108280cfd59830"
            ],
            "version": "==2020.12.5"
        },
        "chardet": {
            "hashes": [
                "sha256:0d6f53a15db4120f2b08c94f11e7d93d2c911ee118b6b30a04ec3ee8310179fa",
                "sha256:f864054d66fd9118f2e67044ac8981a54775ec5b67aed0441892edb553d21da5"
            ],
            "markers": "python_version >= '2.7' and python_version not in '3.0, 3.1, 3.2, 3.3, 3.4'",
            "version": "==4.0.0"
        },
        "docutils": {
            "hashes": [
                "sha256:0c5b78adfbf7762415433f5515cd5c9e762339e23369dbe8000d84a4bf4ab3af",
                "sha256:c2de3a60e9e7d07be26b7f2b00ca0309c207e06c100f9cc2a94931fc75a478fc"
            ],
            "markers": "python_version >= '2.7' and python_version not in '3.0, 3.1, 3.2, 3.3, 3.4'",
            "version": "==0.16"
        },
        "idna": {
            "hashes": [
                "sha256:b307872f855b18632ce0c21c5e45be78c0ea7ae4c15c828c20788b26921eb3f6",
                "sha256:b97d804b1e9b523befed77c48dacec60e6dcb0b5391d57af6a65a312a90648c0"
            ],
            "markers": "python_version >= '2.7' and python_version not in '3.0, 3.1, 3.2, 3.3'",
            "version": "==2.10"
        },
        "imagesize": {
            "hashes": [
                "sha256:6965f19a6a2039c7d48bca7dba2473069ff854c36ae6f19d2cde309d998228a1",
                "sha256:b1f6b5a4eab1f73479a50fb79fcf729514a900c341d8503d62a62dbc4127a2b1"
            ],
            "markers": "python_version >= '2.7' and python_version not in '3.0, 3.1, 3.2, 3.3'",
            "version": "==1.2.0"
        },
        "jinja2": {
            "hashes": [
                "sha256:2f2de5285cf37f33d33ecd4a9080b75c87cd0c1994d5a9c6df17131ea1f049c6",
                "sha256:ea8d7dd814ce9df6de6a761ec7f1cac98afe305b8cdc4aaae4e114b8d8ce24c5"
            ],
            "markers": "python_version >= '3.6'",
            "version": "==3.0.0"
        },
        "markupsafe": {
            "hashes": [
                "sha256:007dc055dbce5b1104876acee177dbfd18757e19d562cd440182e1f492e96b95",
                "sha256:031bf79a27d1c42f69c276d6221172417b47cb4b31cdc73d362a9bf5a1889b9f",
                "sha256:161d575fa49395860b75da5135162481768b11208490d5a2143ae6785123e77d",
                "sha256:24bbc3507fb6dfff663af7900a631f2aca90d5a445f272db5fc84999fa5718bc",
                "sha256:2efaeb1baff547063bad2b2893a8f5e9c459c4624e1a96644bbba08910ae34e0",
                "sha256:32200f562daaab472921a11cbb63780f1654552ae49518196fc361ed8e12e901",
                "sha256:3261fae28155e5c8634dd7710635fe540a05b58f160cef7713c7700cb9980e66",
                "sha256:3b54a9c68995ef4164567e2cd1a5e16db5dac30b2a50c39c82db8d4afaf14f63",
                "sha256:3c352ff634e289061711608f5e474ec38dbaa21e3e168820d53d5f4015e5b91b",
                "sha256:3fb47f97f1d338b943126e90b79cad50d4fcfa0b80637b5a9f468941dbbd9ce5",
                "sha256:441ce2a8c17683d97e06447fcbccbdb057cbf587c78eb75ae43ea7858042fe2c",
                "sha256:45535241baa0fc0ba2a43961a1ac7562ca3257f46c4c3e9c0de38b722be41bd1",
                "sha256:4aca81a687975b35e3e80bcf9aa93fe10cd57fac37bf18b2314c186095f57e05",
                "sha256:4cc563836f13c57f1473bc02d1e01fc37bab70ad4ee6be297d58c1d66bc819bf",
                "sha256:4fae0677f712ee090721d8b17f412f1cbceefbf0dc180fe91bab3232f38b4527",
                "sha256:58bc9fce3e1557d463ef5cee05391a05745fd95ed660f23c1742c711712c0abb",
                "sha256:664832fb88b8162268928df233f4b12a144a0c78b01d38b81bdcf0fc96668ecb",
                "sha256:70820a1c96311e02449591cbdf5cd1c6a34d5194d5b55094ab725364375c9eb2",
                "sha256:79b2ae94fa991be023832e6bcc00f41dbc8e5fe9d997a02db965831402551730",
                "sha256:83cf0228b2f694dcdba1374d5312f2277269d798e65f40344964f642935feac1",
                "sha256:87de598edfa2230ff274c4de7fcf24c73ffd96208c8e1912d5d0fee459767d75",
                "sha256:8f806bfd0f218477d7c46a11d3e52dc7f5fdfaa981b18202b7dc84bbc287463b",
                "sha256:90053234a6479738fd40d155268af631c7fca33365f964f2208867da1349294b",
                "sha256:a00dce2d96587651ef4fa192c17e039e8cfab63087c67e7d263a5533c7dad715",
                "sha256:a08cd07d3c3c17cd33d9e66ea9dee8f8fc1c48e2d11bd88fd2dc515a602c709b",
                "sha256:a19d39b02a24d3082856a5b06490b714a9d4179321225bbf22809ff1e1887cc8",
                "sha256:d00a669e4a5bec3ee6dbeeeedd82a405ced19f8aeefb109a012ea88a45afff96",
                "sha256:dab0c685f21f4a6c95bfc2afd1e7eae0033b403dd3d8c1b6d13a652ada75b348",
                "sha256:df561f65049ed3556e5b52541669310e88713fdae2934845ec3606f283337958",
                "sha256:e4570d16f88c7f3032ed909dc9e905a17da14a1c4cfd92608e3fda4cb1208bbd",
                "sha256:e77e4b983e2441aff0c0d07ee711110c106b625f440292dfe02a2f60c8218bd6",
                "sha256:e79212d09fc0e224d20b43ad44bb0a0a3416d1e04cf6b45fed265114a5d43d20",
                "sha256:f58b5ba13a5689ca8317b98439fccfbcc673acaaf8241c1869ceea40f5d585bf",
                "sha256:fef86115fdad7ae774720d7103aa776144cf9b66673b4afa9bcaa7af990ed07b"
            ],
            "markers": "python_version >= '3.6'",
            "version": "==2.0.0"
        },
        "packaging": {
            "hashes": [
                "sha256:5b327ac1320dc863dca72f4514ecc086f31186744b84a230374cc1fd776feae5",
                "sha256:67714da7f7bc052e064859c05c595155bd1ee9f69f76557e21f051443c20947a"
            ],
            "markers": "python_version >= '2.7' and python_version not in '3.0, 3.1, 3.2, 3.3'",
            "version": "==20.9"
        },
        "parsy": {
            "hashes": [
                "sha256:bea54186c3da470944dafe2314b57ac53d0dc2b0a168dc32f644b1b93dc6ca64",
                "sha256:bfc941ea5a69e6ac16bd4f7d9f807bbc17e35edd8b95bcd2499a25b059359012"
            ],
            "index": "pypi",
            "version": "==1.3.0"
        },
        "pygments": {
            "hashes": [
                "sha256:a18f47b506a429f6f4b9df81bb02beab9ca21d0a5fee38ed15aef65f0545519f",
                "sha256:d66e804411278594d764fc69ec36ec13d9ae9147193a1740cd34d272ca383b8e"
            ],
            "markers": "python_version >= '3.5'",
            "version": "==2.9.0"
        },
        "pyparsing": {
            "hashes": [
                "sha256:c203ec8783bf771a155b207279b9bccb8dea02d8f0c9e5f8ead507bc3246ecc1",
                "sha256:ef9d7589ef3c200abe66653d3f1ab1033c3c419ae9b9bdb1240a85b024efc88b"
            ],
            "markers": "python_version >= '2.6' and python_version not in '3.0, 3.1, 3.2, 3.3'",
            "version": "==2.4.7"
        },
        "pytz": {
            "hashes": [
                "sha256:83a4a90894bf38e243cf052c8b58f381bfe9a7a483f6a9cab140bc7f702ac4da",
                "sha256:eb10ce3e7736052ed3623d49975ce333bcd712c7bb19a58b9e2089d4057d0798"
            ],
            "version": "==2021.1"
        },
        "requests": {
            "hashes": [
                "sha256:27973dd4a904a4f13b263a19c866c13b92a39ed1c964655f025f3f8d3d75b804",
                "sha256:c210084e36a42ae6b9219e00e48287def368a26d03a048ddad7bfee44f75871e"
            ],
            "markers": "python_version >= '2.7' and python_version not in '3.0, 3.1, 3.2, 3.3, 3.4'",
            "version": "==2.25.1"
        },
        "snowballstemmer": {
            "hashes": [
                "sha256:b51b447bea85f9968c13b650126a888aabd4cb4463fca868ec596826325dedc2",
                "sha256:e997baa4f2e9139951b6f4c631bad912dfd3c792467e2f03d7239464af90e914"
            ],
            "version": "==2.1.0"
        },
        "sphinx": {
            "hashes": [
                "sha256:19010b7b9fa0dc7756a6e105b2aacd3a80f798af3c25c273be64d7beeb482cb1",
                "sha256:2320d4e994a191f4b4be27da514e46b3d6b420f2ff895d064f52415d342461e8"
            ],
            "index": "pypi",
            "version": "==3.5.4"
        },
        "sphinxcontrib-applehelp": {
            "hashes": [
                "sha256:806111e5e962be97c29ec4c1e7fe277bfd19e9652fb1a4392105b43e01af885a",
                "sha256:a072735ec80e7675e3f432fcae8610ecf509c5f1869d17e2eecff44389cdbc58"
            ],
            "markers": "python_version >= '3.5'",
            "version": "==1.0.2"
        },
        "sphinxcontrib-devhelp": {
            "hashes": [
                "sha256:8165223f9a335cc1af7ffe1ed31d2871f325254c0423bc0c4c7cd1c1e4734a2e",
                "sha256:ff7f1afa7b9642e7060379360a67e9c41e8f3121f2ce9164266f61b9f4b338e4"
            ],
            "markers": "python_version >= '3.5'",
            "version": "==1.0.2"
        },
        "sphinxcontrib-htmlhelp": {
            "hashes": [
                "sha256:3c0bc24a2c41e340ac37c85ced6dafc879ab485c095b1d65d2461ac2f7cca86f",
                "sha256:e8f5bb7e31b2dbb25b9cc435c8ab7a79787ebf7f906155729338f3156d93659b"
            ],
            "markers": "python_version >= '3.5'",
            "version": "==1.0.3"
        },
        "sphinxcontrib-jsmath": {
            "hashes": [
                "sha256:2ec2eaebfb78f3f2078e73666b1415417a116cc848b72e5172e596c871103178",
                "sha256:a9925e4a4587247ed2191a22df5f6970656cb8ca2bd6284309578f2153e0c4b8"
            ],
            "markers": "python_version >= '3.5'",
            "version": "==1.0.1"
        },
        "sphinxcontrib-qthelp": {
            "hashes": [
                "sha256:4c33767ee058b70dba89a6fc5c1892c0d57a54be67ddd3e7875a18d14cba5a72",
                "sha256:bd9fc24bcb748a8d51fd4ecaade681350aa63009a347a8c14e637895444dfab6"
            ],
            "markers": "python_version >= '3.5'",
            "version": "==1.0.3"
        },
        "sphinxcontrib-serializinghtml": {
            "hashes": [
                "sha256:eaa0eccc86e982a9b939b2b82d12cc5d013385ba5eadcc7e4fed23f4405f77bc",
                "sha256:f242a81d423f59617a8e5cf16f5d4d74e28ee9a66f9e5b637a18082991db5a9a"
            ],
            "markers": "python_version >= '3.5'",
            "version": "==1.1.4"
        },
        "tri.declarative": {
            "hashes": [
                "sha256:0980e3877a7896f519b108ffee75d1501c430a0bb0120b1f8825a3d118285b5f",
                "sha256:cb0ee59b183b0d17fe0f1eb7518de883bd5e20b1129db9351e90c4099973a105"
            ],
            "index": "pypi",
            "version": "==5.7.0"
        },
        "tri.struct": {
            "hashes": [
                "sha256:2a1a2002feb7c2ba0a03b871356cf2f621fbbb649074dcb05bc467eb1988866d",
                "sha256:e85cef0af189f78bbe061a5655c85856cae117cb499d582e08d9c5078029871e"
            ],
            "version": "==4.1.0"
        },
        "urllib3": {
            "hashes": [
                "sha256:2f4da4594db7e1e110a944bb1b551fdf4e6c136ad42e4234131391e21eb5b0df",
                "sha256:e7b021f7241115872f92f43c6508082facffbd1c048e3c6e2bb9c2a157e28937"
            ],
            "markers": "python_version >= '2.7' and python_version not in '3.0, 3.1, 3.2, 3.3, 3.4' and python_version < '4'",
            "version": "==1.26.4"
        },
        "wcwidth": {
            "hashes": [
                "sha256:beb4802a9cebb9144e99086eff703a642a13d6a0052920003a230f3294bbe784",
                "sha256:c4d647b99872929fdb7bdcaa4fbe7f01413ed3d98077df798530e5b04f116c83"
            ],
            "index": "pypi",
            "version": "==0.2.5"
        }
    },
    "develop": {}
}
